{
  "requires": true,
  "lockfileVersion": 1,
  "dependencies": {
    "nouislider": {
      "version": "14.1.0",
      "resolved": "https://registry.npmjs.org/nouislider/-/nouislider-14.1.0.tgz",
      "integrity": "sha512-o1EfnoqZKFtsoGl5re7IZ9AgFZ9tCsB+tnbBiomEODceDW+GhAIEeVbdXYUDbDIRmhDx1FIWLwBoSLrZlCFdYA=="
    }
  }
}
